
Microsoft Visual Studio Solution File, Format Version 12.00
# Visual Studio Version 16
VisualStudioVersion = 16.0.30309.148
MinimumVisualStudioVersion = 10.0.40219.1
Project("{FAE04EC0-301F-11D3-BF4B-00C04F79EFBC}") = "LabelMarkdownApp", "LabelMarkdownApp\LabelMarkdownApp.csproj", "{0E1CF470-1293-4430-B73A-C5F4F69D651B}"
EndProject
Global
	GlobalSection(SolutionConfigurationPlatforms) = preSolution
		Debug|Any CPU = Debug|Any CPU
		Release|Any CPU = Release|Any CPU
	EndGlobalSection
	GlobalSection(ProjectConfigurationPlatforms) = postSolution
		{0E1CF470-1293-4430-B73A-C5F4F69D651B}.Debug|Any CPU.ActiveCfg = Debug|Any CPU
		{0E1CF470-1293-4430-B73A-C5F4F69D651B}.Debug|Any CPU.Build.0 = Debug|Any CPU
		{0E1CF470-1293-4430-B73A-C5F4F69D651B}.Debug|Any CPU.Deploy.0 = Debug|Any CPU
		{0E1CF470-1293-4430-B73A-C5F4F69D651B}.Release|Any CPU.ActiveCfg = Release|Any CPU
		{0E1CF470-1293-4430-B73A-C5F4F69D651B}.Release|Any CPU.Build.0 = Release|Any CPU
		{0E1CF470-1293-4430-B73A-C5F4F69D651B}.Release|Any CPU.Deploy.0 = Release|Any CPU
	EndGlobalSection
	GlobalSection(SolutionProperties) = preSolution
		HideSolutionNode = FALSE
	EndGlobalSection
	GlobalSection(ExtensibilityGlobals) = postSolution
		SolutionGuid = {1865F63C-DCA0-4E2C-BDF5-AA5913F91BA2}
	EndGlobalSection
EndGlobal
